// !$*UTF8*$!
{
	archiveVersion = 1;
	classes = {
	};
	objectVersion = 46;
	objects = {

/* Begin PBXBuildFile section */
		D1DBA3B91B51631700DAB651 /* main.m in Sources */ = {isa = PBXBuildFile; fileRef = D1DBA3B81B51631700DAB651 /* main.m */; };
		D1DBA3BC1B51631700DAB651 /* AppDelegate.m in Sources */ = {isa = PBXBuildFile; fileRef = D1DBA3BB1B51631700DAB651 /* AppDelegate.m */; };
		D1DBA3BF1B51631700DAB651 /* CM_Json.xcdatamodeld in Sources */ = {isa = PBXBuildFile; fileRef = D1DBA3BD1B51631700DAB651 /* CM_Json.xcdatamodeld */; };
		D1DBA3C21B51631700DAB651 /* Start.m in Sources */ = {isa = PBXBuildFile; fileRef = D1DBA3C11B51631700DAB651 /* Start.m */; };
		D1DBA3C51B51631700DAB651 /* Main.storyboard in Resources */ = {isa = PBXBuildFile; fileRef = D1DBA3C31B51631700DAB651 /* Main.storyboard */; };
		D1DBA3C71B51631700DAB651 /* Images.xcassets in Resources */ = {isa = PBXBuildFile; fileRef = D1DBA3C61B51631700DAB651 /* Images.xcassets */; };
		D1DBA3CA1B51631700DAB651 /* LaunchScreen.xib in Resources */ = {isa = PBXBuildFile; fileRef = D1DBA3C81B51631700DAB651 /* LaunchScreen.xib */; };
		D1DBA3D61B51631700DAB651 /* CM_JsonTests.m in Sources */ = {isa = PBXBuildFile; fileRef = D1DBA3D51B51631700DAB651 /* CM_JsonTests.m */; };
		D1DBA3E31B51639200DAB651 /* Declarations.m in Sources */ = {isa = PBXBuildFile; fileRef = D1DBA3E21B51639200DAB651 /* Declarations.m */; };
		D1DBA3FF1B51649800DAB651 /* NSObject+SBJson.m in Sources */ = {isa = PBXBuildFile; fileRef = D1DBA3E71B51649800DAB651 /* NSObject+SBJson.m */; };
		D1DBA4001B51649800DAB651 /* SBJsonParser.m in Sources */ = {isa = PBXBuildFile; fileRef = D1DBA3EA1B51649800DAB651 /* SBJsonParser.m */; };
		D1DBA4011B51649800DAB651 /* SBJsonStreamParser.m in Sources */ = {isa = PBXBuildFile; fileRef = D1DBA3EC1B51649800DAB651 /* SBJsonStreamParser.m */; };
		D1DBA4021B51649800DAB651 /* SBJsonStreamParserAccumulator.m in Sources */ = {isa = PBXBuildFile; fileRef = D1DBA3EE1B51649800DAB651 /* SBJsonStreamParserAccumulator.m */; };
		D1DBA4031B51649800DAB651 /* SBJsonStreamParserAdapter.m in Sources */ = {isa = PBXBuildFile; fileRef = D1DBA3F01B51649800DAB651 /* SBJsonStreamParserAdapter.m */; };
		D1DBA4041B51649800DAB651 /* SBJsonStreamParserState.m in Sources */ = {isa = PBXBuildFile; fileRef = D1DBA3F21B51649800DAB651 /* SBJsonStreamParserState.m */; };
		D1DBA4051B51649800DAB651 /* SBJsonStreamWriter.m in Sources */ = {isa = PBXBuildFile; fileRef = D1DBA3F41B51649800DAB651 /* SBJsonStreamWriter.m */; };
		D1DBA4061B51649800DAB651 /* SBJsonStreamWriterAccumulator.m in Sources */ = {isa = PBXBuildFile; fileRef = D1DBA3F61B51649800DAB651 /* SBJsonStreamWriterAccumulator.m */; };
		D1DBA4071B51649800DAB651 /* SBJsonStreamWriterState.m in Sources */ = {isa = PBXBuildFile; fileRef = D1DBA3F81B51649800DAB651 /* SBJsonStreamWriterState.m */; };
		D1DBA4081B51649800DAB651 /* SBJsonTokeniser.m in Sources */ = {isa = PBXBuildFile; fileRef = D1DBA3FA1B51649800DAB651 /* SBJsonTokeniser.m */; };
		D1DBA4091B51649800DAB651 /* SBJsonUTF8Stream.m in Sources */ = {isa = PBXBuildFile; fileRef = D1DBA3FC1B51649800DAB651 /* SBJsonUTF8Stream.m */; };
		D1DBA40A1B51649800DAB651 /* SBJsonWriter.m in Sources */ = {isa = PBXBuildFile; fileRef = D1DBA3FE1B51649800DAB651 /* SBJsonWriter.m */; };
/* End PBXBuildFile section */

/* Begin PBXContainerItemProxy section */
		D1DBA3D01B51631700DAB651 /* PBXContainerItemProxy */ = {
			isa = PBXContainerItemProxy;
			containerPortal = D1DBA3AB1B51631700DAB651 /* Project object */;
			proxyType = 1;
			remoteGlobalIDString = D1DBA3B21B51631700DAB651;
			remoteInfo = "CM-Json";
		};
/* End PBXContainerItemProxy section */

/* Begin PBXFileReference section */
		D1DBA3B31B51631700DAB651 /* CM-Json.app */ = {isa = PBXFileReference; explicitFileType = wrapper.application; includeInIndex = 0; path = "CM-Json.app"; sourceTree = BUILT_PRODUCTS_DIR; };
		D1DBA3B71B51631700DAB651 /* Info.plist */ = {isa = PBXFileReference; lastKnownFileType = text.plist.xml; path = Info.plist; sourceTree = "<group>"; };
		D1DBA3B81B51631700DAB651 /* main.m */ = {isa = PBXFileReference; lastKnownFileType = sourcecode.c.objc; path = main.m; sourceTree = "<group>"; };
		D1DBA3BA1B51631700DAB651 /* AppDelegate.h */ = {isa = PBXFileReference; lastKnownFileType = sourcecode.c.h; path = AppDelegate.h; sourceTree = "<group>"; };
		D1DBA3BB1B51631700DAB651 /* AppDelegate.m */ = {isa = PBXFileReference; lastKnownFileType = sourcecode.c.objc; path = AppDelegate.m; sourceTree = "<group>"; };
		D1DBA3BE1B51631700DAB651 /* CM_Json.xcdatamodel */ = {isa = PBXFileReference; lastKnownFileType = wrapper.xcdatamodel; path = CM_Json.xcdatamodel; sourceTree = "<group>"; };
		D1DBA3C01B51631700DAB651 /* Start.h */ = {isa = PBXFileReference; lastKnownFileType = sourcecode.c.h; path = Start.h; sourceTree = "<group>"; };
		D1DBA3C11B51631700DAB651 /* Start.m */ = {isa = PBXFileReference; lastKnownFileType = sourcecode.c.objc; path = Start.m; sourceTree = "<group>"; };
		D1DBA3C41B51631700DAB651 /* Base */ = {isa = PBXFileReference; lastKnownFileType = file.storyboard; name = Base; path = Base.lproj/Main.storyboard; sourceTree = "<group>"; };
		D1DBA3C61B51631700DAB651 /* Images.xcassets */ = {isa = PBXFileReference; lastKnownFileType = folder.assetcatalog; path = Images.xcassets; sourceTree = "<group>"; };
		D1DBA3C91B51631700DAB651 /* Base */ = {isa = PBXFileReference; lastKnownFileType = file.xib; name = Base; path = Base.lproj/LaunchScreen.xib; sourceTree = "<group>"; };
		D1DBA3CF1B51631700DAB651 /* CM-JsonTests.xctest */ = {isa = PBXFileReference; explicitFileType = wrapper.cfbundle; includeInIndex = 0; path = "CM-JsonTests.xctest"; sourceTree = BUILT_PRODUCTS_DIR; };
		D1DBA3D41B51631700DAB651 /* Info.plist */ = {isa = PBXFileReference; lastKnownFileType = text.plist.xml; path = Info.plist; sourceTree = "<group>"; };
		D1DBA3D51B51631700DAB651 /* CM_JsonTests.m */ = {isa = PBXFileReference; lastKnownFileType = sourcecode.c.objc; path = CM_JsonTests.m; sourceTree = "<group>"; };
		D1DBA3E11B51639200DAB651 /* Declarations.h */ = {isa = PBXFileReference; fileEncoding = 4; lastKnownFileType = sourcecode.c.h; path = Declarations.h; sourceTree = "<group>"; };
		D1DBA3E21B51639200DAB651 /* Declarations.m */ = {isa = PBXFileReference; fileEncoding = 4; lastKnownFileType = sourcecode.c.objc; path = Declarations.m; sourceTree = "<group>"; };
		D1DBA3E61B51649800DAB651 /* NSObject+SBJson.h */ = {isa = PBXFileReference; fileEncoding = 4; lastKnownFileType = sourcecode.c.h; path = "NSObject+SBJson.h"; sourceTree = "<group>"; };
		D1DBA3E71B51649800DAB651 /* NSObject+SBJson.m */ = {isa = PBXFileReference; fileEncoding = 4; lastKnownFileType = sourcecode.c.objc; path = "NSObject+SBJson.m"; sourceTree = "<group>"; };
		D1DBA3E81B51649800DAB651 /* SBJson.h */ = {isa = PBXFileReference; fileEncoding = 4; lastKnownFileType = sourcecode.c.h; path = SBJson.h; sourceTree = "<group>"; };
		D1DBA3E91B51649800DAB651 /* SBJsonParser.h */ = {isa = PBXFileReference; fileEncoding = 4; lastKnownFileType = sourcecode.c.h; path = SBJsonParser.h; sourceTree = "<group>"; };
		D1DBA3EA1B51649800DAB651 /* SBJsonParser.m */ = {isa = PBXFileReference; fileEncoding = 4; lastKnownFileType = sourcecode.c.objc; path = SBJsonParser.m; sourceTree = "<group>"; };
		D1DBA3EB1B51649800DAB651 /* SBJsonStreamParser.h */ = {isa = PBXFileReference; fileEncoding = 4; lastKnownFileType = sourcecode.c.h; path = SBJsonStreamParser.h; sourceTree = "<group>"; };
		D1DBA3EC1B51649800DAB651 /* SBJsonStreamParser.m */ = {isa = PBXFileReference; fileEncoding = 4; lastKnownFileType = sourcecode.c.objc; path = SBJsonStreamParser.m; sourceTree = "<group>"; };
		D1DBA3ED1B51649800DAB651 /* SBJsonStreamParserAccumulator.h */ = {isa = PBXFileReference; fileEncoding = 4; lastKnownFileType = sourcecode.c.h; path = SBJsonStreamParserAccumulator.h; sourceTree = "<group>"; };
		D1DBA3EE1B51649800DAB651 /* SBJsonStreamParserAccumulator.m */ = {isa = PBXFileReference; fileEncoding = 4; lastKnownFileType = sourcecode.c.objc; path = SBJsonStreamParserAccumulator.m; sourceTree = "<group>"; };
		D1DBA3EF1B51649800DAB651 /* SBJsonStreamParserAdapter.h */ = {isa = PBXFileReference; fileEncoding = 4; lastKnownFileType = sourcecode.c.h; path = SBJsonStreamParserAdapter.h; sourceTree = "<group>"; };
		D1DBA3F01B51649800DAB651 /* SBJsonStreamParserAdapter.m */ = {isa = PBXFileReference; fileEncoding = 4; lastKnownFileType = sourcecode.c.objc; path = SBJsonStreamParserAdapter.m; sourceTree = "<group>"; };
		D1DBA3F11B51649800DAB651 /* SBJsonStreamParserState.h */ = {isa = PBXFileReference; fileEncoding = 4; lastKnownFileType = sourcecode.c.h; path = SBJsonStreamParserState.h; sourceTree = "<group>"; };
		D1DBA3F21B51649800DAB651 /* SBJsonStreamParserState.m */ = {isa = PBXFileReference; fileEncoding = 4; lastKnownFileType = sourcecode.c.objc; path = SBJsonStreamParserState.m; sourceTree = "<group>"; };
		D1DBA3F31B51649800DAB651 /* SBJsonStreamWriter.h */ = {isa = PBXFileReference; fileEncoding = 4; lastKnownFileType = sourcecode.c.h; path = SBJsonStreamWriter.h; sourceTree = "<group>"; };
		D1DBA3F41B51649800DAB651 /* SBJsonStreamWriter.m */ = {isa = PBXFileReference; fileEncoding = 4; lastKnownFileType = sourcecode.c.objc; path = SBJsonStreamWriter.m; sourceTree = "<group>"; };
		D1DBA3F51B51649800DAB651 /* SBJsonStreamWriterAccumulator.h */ = {isa = PBXFileReference; fileEncoding = 4; lastKnownFileType = sourcecode.c.h; path = SBJsonStreamWriterAccumulator.h; sourceTree = "<group>"; };
		D1DBA3F61B51649800DAB651 /* SBJsonStreamWriterAccumulator.m */ = {isa = PBXFileReference; fileEncoding = 4; lastKnownFileType = sourcecode.c.objc; path = SBJsonStreamWriterAccumulator.m; sourceTree = "<group>"; };
		D1DBA3F71B51649800DAB651 /* SBJsonStreamWriterState.h */ = {isa = PBXFileReference; fileEncoding = 4; lastKnownFileType = sourcecode.c.h; path = SBJsonStreamWriterState.h; sourceTree = "<group>"; };
		D1DBA3F81B51649800DAB651 /* SBJsonStreamWriterState.m */ = {isa = PBXFileReference; fileEncoding = 4; lastKnownFileType = sourcecode.c.objc; path = SBJsonStreamWriterState.m; sourceTree = "<group>"; };
		D1DBA3F91B51649800DAB651 /* SBJsonTokeniser.h */ = {isa = PBXFileReference; fileEncoding = 4; lastKnownFileType = sourcecode.c.h; path = SBJsonTokeniser.h; sourceTree = "<group>"; };
		D1DBA3FA1B51649800DAB651 /* SBJsonTokeniser.m */ = {isa = PBXFileReference; fileEncoding = 4; lastKnownFileType = sourcecode.c.objc; path = SBJsonTokeniser.m; sourceTree = "<group>"; };
		D1DBA3FB1B51649800DAB651 /* SBJsonUTF8Stream.h */ = {isa = PBXFileReference; fileEncoding = 4; lastKnownFileType = sourcecode.c.h; path = SBJsonUTF8Stream.h; sourceTree = "<group>"; };
		D1DBA3FC1B51649800DAB651 /* SBJsonUTF8Stream.m */ = {isa = PBXFileReference; fileEncoding = 4; lastKnownFileType = sourcecode.c.objc; path = SBJsonUTF8Stream.m; sourceTree = "<group>"; };
		D1DBA3FD1B51649800DAB651 /* SBJsonWriter.h */ = {isa = PBXFileReference; fileEncoding = 4; lastKnownFileType = sourcecode.c.h; path = SBJsonWriter.h; sourceTree = "<group>"; };
		D1DBA3FE1B51649800DAB651 /* SBJsonWriter.m */ = {isa = PBXFileReference; fileEncoding = 4; lastKnownFileType = sourcecode.c.objc; path = SBJsonWriter.m; sourceTree = "<group>"; };
/* End PBXFileReference section */

/* Begin PBXFrameworksBuildPhase section */
		D1DBA3B01B51631700DAB651 /* Frameworks */ = {
			isa = PBXFrameworksBuildPhase;
			buildActionMask = 2147483647;
			files = (
			);
			runOnlyForDeploymentPostprocessing = 0;
		};
		D1DBA3CC1B51631700DAB651 /* Frameworks */ = {
			isa = PBXFrameworksBuildPhase;
			buildActionMask = 2147483647;
			files = (
			);
			runOnlyForDeploymentPostprocessing = 0;
		};
/* End PBXFrameworksBuildPhase section */

/* Begin PBXGroup section */
		D1DBA3AA1B51631700DAB651 = {
			isa = PBXGroup;
			children = (
				D1DBA3B51B51631700DAB651 /* CM-Json */,
				D1DBA3D21B51631700DAB651 /* CM-JsonTests */,
				D1DBA3B41B51631700DAB651 /* Products */,
			);
			sourceTree = "<group>";
		};
		D1DBA3B41B51631700DAB651 /* Products */ = {
			isa = PBXGroup;
			children = (
				D1DBA3B31B51631700DAB651 /* CM-Json.app */,
				D1DBA3CF1B51631700DAB651 /* CM-JsonTests.xctest */,
			);
			name = Products;
			sourceTree = "<group>";
		};
		D1DBA3B51B51631700DAB651 /* CM-Json */ = {
			isa = PBXGroup;
			children = (
				D1DBA3E41B51648C00DAB651 /* Classes */,
				D1DBA3DF1B51636500DAB651 /* Main */,
				D1DBA3E01B51636A00DAB651 /* Controllers */,
				D1DBA3C31B51631700DAB651 /* Main.storyboard */,
				D1DBA3C61B51631700DAB651 /* Images.xcassets */,
				D1DBA3C81B51631700DAB651 /* LaunchScreen.xib */,
				D1DBA3BD1B51631700DAB651 /* CM_Json.xcdatamodeld */,
				D1DBA3B61B51631700DAB651 /* Supporting Files */,
			);
			path = "CM-Json";
			sourceTree = "<group>";
		};
		D1DBA3B61B51631700DAB651 /* Supporting Files */ = {
			isa = PBXGroup;
			children = (
				D1DBA3B71B51631700DAB651 /* Info.plist */,
				D1DBA3B81B51631700DAB651 /* main.m */,
			);
			name = "Supporting Files";
			sourceTree = "<group>";
		};
		D1DBA3D21B51631700DAB651 /* CM-JsonTests */ = {
			isa = PBXGroup;
			children = (
				D1DBA3D51B51631700DAB651 /* CM_JsonTests.m */,
				D1DBA3D31B51631700DAB651 /* Supporting Files */,
			);
			path = "CM-JsonTests";
			sourceTree = "<group>";
		};
		D1DBA3D31B51631700DAB651 /* Supporting Files */ = {
			isa = PBXGroup;
			children = (
				D1DBA3D41B51631700DAB651 /* Info.plist */,
			);
			name = "Supporting Files";
			sourceTree = "<group>";
		};
		D1DBA3DF1B51636500DAB651 /* Main */ = {
			isa = PBXGroup;
			children = (
				D1DBA3BA1B51631700DAB651 /* AppDelegate.h */,
				D1DBA3BB1B51631700DAB651 /* AppDelegate.m */,
				D1DBA3E11B51639200DAB651 /* Declarations.h */,
				D1DBA3E21B51639200DAB651 /* Declarations.m */,
			);
			name = Main;
			sourceTree = "<group>";
		};
		D1DBA3E01B51636A00DAB651 /* Controllers */ = {
			isa = PBXGroup;
			children = (
				D1DBA3C01B51631700DAB651 /* Start.h */,
				D1DBA3C11B51631700DAB651 /* Start.m */,
			);
			name = Controllers;
			sourceTree = "<group>";
		};
		D1DBA3E41B51648C00DAB651 /* Classes */ = {
			isa = PBXGroup;
			children = (
				D1DBA3E51B51649800DAB651 /* json */,
			);
			name = Classes;
			sourceTree = "<group>";
		};
		D1DBA3E51B51649800DAB651 /* json */ = {
			isa = PBXGroup;
			children = (
				D1DBA3E61B51649800DAB651 /* NSObject+SBJson.h */,
				D1DBA3E71B51649800DAB651 /* NSObject+SBJson.m */,
				D1DBA3E81B51649800DAB651 /* SBJson.h */,
				D1DBA3E91B51649800DAB651 /* SBJsonParser.h */,
				D1DBA3EA1B51649800DAB651 /* SBJsonParser.m */,
				D1DBA3EB1B51649800DAB651 /* SBJsonStreamParser.h */,
				D1DBA3EC1B51649800DAB651 /* SBJsonStreamParser.m */,
				D1DBA3ED1B51649800DAB651 /* SBJsonStreamParserAccumulator.h */,
				D1DBA3EE1B51649800DAB651 /* SBJsonStreamParserAccumulator.m */,
				D1DBA3EF1B51649800DAB651 /* SBJsonStreamParserAdapter.h */,
				D1DBA3F01B51649800DAB651 /* SBJsonStreamParserAdapter.m */,
				D1DBA3F11B51649800DAB651 /* SBJsonStreamParserState.h */,
				D1DBA3F21B51649800DAB651 /* SBJsonStreamParserState.m */,
				D1DBA3F31B51649800DAB651 /* SBJsonStreamWriter.h */,
				D1DBA3F41B51649800DAB651 /* SBJsonStreamWriter.m */,
				D1DBA3F51B51649800DAB651 /* SBJsonStreamWriterAccumulator.h */,
				D1DBA3F61B51649800DAB651 /* SBJsonStreamWriterAccumulator.m */,
				D1DBA3F71B51649800DAB651 /* SBJsonStreamWriterState.h */,
				D1DBA3F81B51649800DAB651 /* SBJsonStreamWriterState.m */,
				D1DBA3F91B51649800DAB651 /* SBJsonTokeniser.h */,
				D1DBA3FA1B51649800DAB651 /* SBJsonTokeniser.m */,
				D1DBA3FB1B51649800DAB651 /* SBJsonUTF8Stream.h */,
				D1DBA3FC1B51649800DAB651 /* SBJsonUTF8Stream.m */,
				D1DBA3FD1B51649800DAB651 /* SBJsonWriter.h */,
				D1DBA3FE1B51649800DAB651 /* SBJsonWriter.m */,
			);
			path = json;
			sourceTree = "<group>";
		};
/* End PBXGroup section */

/* Begin PBXNativeTarget section */
		D1DBA3B21B51631700DAB651 /* CM-Json */ = {
			isa = PBXNativeTarget;
			buildConfigurationList = D1DBA3D91B51631700DAB651 /* Build configuration list for PBXNativeTarget "CM-Json" */;
			buildPhases = (
				D1DBA3AF1B51631700DAB651 /* Sources */,
				D1DBA3B01B51631700DAB651 /* Frameworks */,
				D1DBA3B11B51631700DAB651 /* Resources */,
			);
			buildRules = (
			);
			dependencies = (
			);
			name = "CM-Json";
			productName = "CM-Json";
			productReference = D1DBA3B31B51631700DAB651 /* CM-Json.app */;
			productType = "com.apple.product-type.application";
		};
		D1DBA3CE1B51631700DAB651 /* CM-JsonTests */ = {
			isa = PBXNativeTarget;
			buildConfigurationList = D1DBA3DC1B51631700DAB651 /* Build configuration list for PBXNativeTarget "CM-JsonTests" */;
			buildPhases = (
				D1DBA3CB1B51631700DAB651 /* Sources */,
				D1DBA3CC1B51631700DAB651 /* Frameworks */,
				D1DBA3CD1B51631700DAB651 /* Resources */,
			);
			buildRules = (
			);
			dependencies = (
				D1DBA3D11B51631700DAB651 /* PBXTargetDependency */,
			);
			name = "CM-JsonTests";
			productName = "CM-JsonTests";
			productReference = D1DBA3CF1B51631700DAB651 /* CM-JsonTests.xctest */;
			productType = "com.apple.product-type.bundle.unit-test";
		};
/* End PBXNativeTarget section */

/* Begin PBXProject section */
		D1DBA3AB1B51631700DAB651 /* Project object */ = {
			isa = PBXProject;
			attributes = {
				LastUpgradeCheck = 0630;
				ORGANIZATIONNAME = Smartplace;
				TargetAttributes = {
					D1DBA3B21B51631700DAB651 = {
						CreatedOnToolsVersion = 6.3.1;
					};
					D1DBA3CE1B51631700DAB651 = {
						CreatedOnToolsVersion = 6.3.1;
						TestTargetID = D1DBA3B21B51631700DAB651;
					};
				};
			};
			buildConfigurationList = D1DBA3AE1B51631700DAB651 /* Build configuration list for PBXProject "CM-Json" */;
			compatibilityVersion = "Xcode 3.2";
			developmentRegion = English;
			hasScannedForEncodings = 0;
			knownRegions = (
				en,
				Base,
			);
			mainGroup = D1DBA3AA1B51631700DAB651;
			productRefGroup = D1DBA3B41B51631700DAB651 /* Products */;
			projectDirPath = "";
			projectRoot = "";
			targets = (
				D1DBA3B21B51631700DAB651 /* CM-Json */,
				D1DBA3CE1B51631700DAB651 /* CM-JsonTests */,
			);
		};
/* End PBXProject section */

/* Begin PBXResourcesBuildPhase section */
		D1DBA3B11B51631700DAB651 /* Resources */ = {
			isa = PBXResourcesBuildPhase;
			buildActionMask = 2147483647;
			files = (
				D1DBA3C51B51631700DAB651 /* Main.storyboard in Resources */,
				D1DBA3CA1B51631700DAB651 /* LaunchScreen.xib in Resources */,
				D1DBA3C71B51631700DAB651 /* Images.xcassets in Resources */,
			);
			runOnlyForDeploymentPostprocessing = 0;
		};
		D1DBA3CD1B51631700DAB651 /* Resources */ = {
			isa = PBXResourcesBuildPhase;
			buildActionMask = 2147483647;
			files = (
			);
			runOnlyForDeploymentPostprocessing = 0;
		};
/* End PBXResourcesBuildPhase section */

/* Begin PBXSourcesBuildPhase section */
		D1DBA3AF1B51631700DAB651 /* Sources */ = {
			isa = PBXSourcesBuildPhase;
			buildActionMask = 2147483647;
			files = (
				D1DBA4041B51649800DAB651 /* SBJsonStreamParserState.m in Sources */,
				D1DBA4001B51649800DAB651 /* SBJsonParser.m in Sources */,
				D1DBA4031B51649800DAB651 /* SBJsonStreamParserAdapter.m in Sources */,
				D1DBA3BF1B51631700DAB651 /* CM_Json.xcdatamodeld in Sources */,
				D1DBA4021B51649800DAB651 /* SBJsonStreamParserAccumulator.m in Sources */,
				D1DBA3BC1B51631700DAB651 /* AppDelegate.m in Sources */,
				D1DBA3C21B51631700DAB651 /* Start.m in Sources */,
				D1DBA4071B51649800DAB651 /* SBJsonStreamWriterState.m in Sources */,
				D1DBA4051B51649800DAB651 /* SBJsonStreamWriter.m in Sources */,
				D1DBA4061B51649800DAB651 /* SBJsonStreamWriterAccumulator.m in Sources */,
				D1DBA3B91B51631700DAB651 /* main.m in Sources */,
				D1DBA4081B51649800DAB651 /* SBJsonTokeniser.m in Sources */,
				D1DBA3FF1B51649800DAB651 /* NSObject+SBJson.m in Sources */,
				D1DBA3E31B51639200DAB651 /* Declarations.m in Sources */,
				D1DBA4011B51649800DAB651 /* SBJsonStreamParser.m in Sources */,
				D1DBA4091B51649800DAB651 /* SBJsonUTF8Stream.m in Sources */,
				D1DBA40A1B51649800DAB651 /* SBJsonWriter.m in Sources */,
			);
			runOnlyForDeploymentPostprocessing = 0;
		};
		D1DBA3CB1B51631700DAB651 /* Sources */ = {
			isa = PBXSourcesBuildPhase;
			buildActionMask = 2147483647;
			files = (
				D1DBA3D61B51631700DAB651 /* CM_JsonTests.m in Sources */,
			);
			runOnlyForDeploymentPostprocessing = 0;
		};
/* End PBXSourcesBuildPhase section */

/* Begin PBXTargetDependency section */
		D1DBA3D11B51631700DAB651 /* PBXTargetDependency */ = {
			isa = PBXTargetDependency;
			target = D1DBA3B21B51631700DAB651 /* CM-Json */;
			targetProxy = D1DBA3D01B51631700DAB651 /* PBXContainerItemProxy */;
		};
/* End PBXTargetDependency section */

/* Begin PBXVariantGroup section */
		D1DBA3C31B51631700DAB651 /* Main.storyboard */ = {
			isa = PBXVariantGroup;
			children = (
				D1DBA3C41B51631700DAB651 /* Base */,
			);
			name = Main.storyboard;
			sourceTree = "<group>";
		};
		D1DBA3C81B51631700DAB651 /* LaunchScreen.xib */ = {
			isa = PBXVariantGroup;
			children = (
				D1DBA3C91B51631700DAB651 /* Base */,
			);
			name = LaunchScreen.xib;
			sourceTree = "<group>";
		};
/* End PBXVariantGroup section */

/* Begin XCBuildConfiguration section */
		D1DBA3D71B51631700DAB651 /* Debug */ = {
			isa = XCBuildConfiguration;
			buildSettings = {
				ALWAYS_SEARCH_USER_PATHS = NO;
				CLANG_CXX_LANGUAGE_STANDARD = "gnu++0x";
				CLANG_CXX_LIBRARY = "libc++";
				CLANG_ENABLE_MODULES = YES;
				CLANG_ENABLE_OBJC_ARC = YES;
				CLANG_WARN_BOOL_CONVERSION = YES;
				CLANG_WARN_CONSTANT_CONVERSION = YES;
				CLANG_WARN_DIRECT_OBJC_ISA_USAGE = YES_ERROR;
				CLANG_WARN_EMPTY_BODY = YES;
				CLANG_WARN_ENUM_CONVERSION = YES;
				CLANG_WARN_INT_CONVERSION = YES;
				CLANG_WARN_OBJC_ROOT_CLASS = YES_ERROR;
				CLANG_WARN_UNREACHABLE_CODE = YES;
				CLANG_WARN__DUPLICATE_METHOD_MATCH = YES;
				"CODE_SIGN_IDENTITY[sdk=iphoneos*]" = "iPhone Developer";
				COPY_PHASE_STRIP = NO;
				DEBUG_INFORMATION_FORMAT = "dwarf-with-dsym";
				ENABLE_STRICT_OBJC_MSGSEND = YES;
				GCC_C_LANGUAGE_STANDARD = gnu99;
				GCC_DYNAMIC_NO_PIC = NO;
				GCC_NO_COMMON_BLOCKS = YES;
				GCC_OPTIMIZATION_LEVEL = 0;
				GCC_PREPROCESSOR_DEFINITIONS = (
					"DEBUG=1",
					"$(inherited)",
				);
				GCC_SYMBOLS_PRIVATE_EXTERN = NO;
				GCC_WARN_64_TO_32_BIT_CONVERSION = YES;
				GCC_WARN_ABOUT_RETURN_TYPE = YES_ERROR;
				GCC_WARN_UNDECLARED_SELECTOR = YES;
				GCC_WARN_UNINITIALIZED_AUTOS = YES_AGGRESSIVE;
				GCC_WARN_UNUSED_FUNCTION = YES;
				GCC_WARN_UNUSED_VARIABLE = YES;
				IPHONEOS_DEPLOYMENT_TARGET = 8.3;
				MTL_ENABLE_DEBUG_INFO = YES;
				ONLY_ACTIVE_ARCH = YES;
				SDKROOT = iphoneos;
			};
			name = Debug;
		};
		D1DBA3D81B51631700DAB651 /* Release */ = {
			isa = XCBuildConfiguration;
			buildSettings = {
				ALWAYS_SEARCH_USER_PATHS = NO;
				CLANG_CXX_LANGUAGE_STANDARD = "gnu++0x";
				CLANG_CXX_LIBRARY = "libc++";
				CLANG_ENABLE_MODULES = YES;
				CLANG_ENABLE_OBJC_ARC = YES;
				CLANG_WARN_BOOL_CONVERSION = YES;
				CLANG_WARN_CONSTANT_CONVERSION = YES;
				CLANG_WARN_DIRECT_OBJC_ISA_USAGE = YES_ERROR;
				CLANG_WARN_EMPTY_BODY = YES;
				CLANG_WARN_ENUM_CONVERSION = YES;
				CLANG_WARN_INT_CONVERSION = YES;
				CLANG_WARN_OBJC_ROOT_CLASS = YES_ERROR;
				CLANG_WARN_UNREACHABLE_CODE = YES;
				CLANG_WARN__DUPLICATE_METHOD_MATCH = YES;
				"CODE_SIGN_IDENTITY[sdk=iphoneos*]" = "iPhone Developer";
				COPY_PHASE_STRIP = NO;
				DEBUG_INFORMATION_FORMAT = "dwarf-with-dsym";
				ENABLE_NS_ASSERTIONS = NO;
				ENABLE_STRICT_OBJC_MSGSEND = YES;
				GCC_C_LANGUAGE_STANDARD = gnu99;
				GCC_NO_COMMON_BLOCKS = YES;
				GCC_WARN_64_TO_32_BIT_CONVERSION = YES;
				GCC_WARN_ABOUT_RETURN_TYPE = YES_ERROR;
				GCC_WARN_UNDECLARED_SELECTOR = YES;
				GCC_WARN_UNINITIALIZED_AUTOS = YES_AGGRESSIVE;
				GCC_WARN_UNUSED_FUNCTION = YES;
				GCC_WARN_UNUSED_VARIABLE = YES;
				IPHONEOS_DEPLOYMENT_TARGET = 8.3;
				MTL_ENABLE_DEBUG_INFO = NO;
				SDKROOT = iphoneos;
				VALIDATE_PRODUCT = YES;
			};
			name = Release;
		};
		D1DBA3DA1B51631700DAB651 /* Debug */ = {
			isa = XCBuildConfiguration;
			buildSettings = {
				ASSETCATALOG_COMPILER_APPICON_NAME = AppIcon;
				INFOPLIST_FILE = "CM-Json/Info.plist";
				LD_RUNPATH_SEARCH_PATHS = "$(inherited) @executable_path/Frameworks";
				PRODUCT_NAME = "$(TARGET_NAME)";
			};
			name = Debug;
		};
		D1DBA3DB1B51631700DAB651 /* Release */ = {
			isa = XCBuildConfiguration;
			buildSettings = {
				ASSETCATALOG_COMPILER_APPICON_NAME = AppIcon;
				INFOPLIST_FILE = "CM-Json/Info.plist";
				LD_RUNPATH_SEARCH_PATHS = "$(inherited) @executable_path/Frameworks";
				PRODUCT_NAME = "$(TARGET_NAME)";
			};
			name = Release;
		};
		D1DBA3DD1B51631700DAB651 /* Debug */ = {
			isa = XCBuildConfiguration;
			buildSettings = {
				BUNDLE_LOADER = "$(TEST_HOST)";
				FRAMEWORK_SEARCH_PATHS = (
					"$(SDKROOT)/Developer/Library/Frameworks",
					"$(inherited)",
				);
				GCC_PREPROCESSOR_DEFINITIONS = (
					"DEBUG=1",
					"$(inherited)",
				);
				INFOPLIST_FILE = "CM-JsonTests/Info.plist";
				LD_RUNPATH_SEARCH_PATHS = "$(inherited) @executable_path/Frameworks @loader_path/Frameworks";
				PRODUCT_NAME = "$(TARGET_NAME)";
				TEST_HOST = "$(BUILT_PRODUCTS_DIR)/CM-Json.app/CM-Json";
			};
			name = Debug;
		};
		D1DBA3DE1B51631700DAB651 /* Release */ = {
			isa = XCBuildConfiguration;
			buildSettings = {
				BUNDLE_LOADER = "$(TEST_HOST)";
				FRAMEWORK_SEARCH_PATHS = (
					"$(SDKROOT)/Developer/Library/Frameworks",
					"$(inherited)",
				);
				INFOPLIST_FILE = "CM-JsonTests/Info.plist";
				LD_RUNPATH_SEARCH_PATHS = "$(inherited) @executable_path/Frameworks @loader_path/Frameworks";
				PRODUCT_NAME = "$(TARGET_NAME)";
				TEST_HOST = "$(BUILT_PRODUCTS_DIR)/CM-Json.app/CM-Json";
			};
			name = Release;
		};
/* End XCBuildConfiguration section */

/* Begin XCConfigurationList section */
		D1DBA3AE1B51631700DAB651 /* Build configuration list for PBXProject "CM-Json" */ = {
			isa = XCConfigurationList;
			buildConfigurations = (
				D1DBA3D71B51631700DAB651 /* Debug */,
				D1DBA3D81B51631700DAB651 /* Release */,
			);
			defaultConfigurationIsVisible = 0;
			defaultConfigurationName = Release;
		};
		D1DBA3D91B51631700DAB651 /* Build configuration list for PBXNativeTarget "CM-Json" */ = {
			isa = XCConfigurationList;
			buildConfigurations = (
				D1DBA3DA1B51631700DAB651 /* Debug */,
				D1DBA3DB1B51631700DAB651 /* Release */,
			);
			defaultConfigurationIsVisible = 0;
		};
		D1DBA3DC1B51631700DAB651 /* Build configuration list for PBXNativeTarget "CM-JsonTests" */ = {
			isa = XCConfigurationList;
			buildConfigurations = (
				D1DBA3DD1B51631700DAB651 /* Debug */,
				D1DBA3DE1B51631700DAB651 /* Release */,
			);
			defaultConfigurationIsVisible = 0;
		};
/* End XCConfigurationList section */

/* Begin XCVersionGroup section */
		D1DBA3BD1B51631700DAB651 /* CM_Json.xcdatamodeld */ = {
			isa = XCVersionGroup;
			children = (
				D1DBA3BE1B51631700DAB651 /* CM_Json.xcdatamodel */,
			);
			currentVersion = D1DBA3BE1B51631700DAB651 /* CM_Json.xcdatamodel */;
			path = CM_Json.xcdatamodeld;
			sourceTree = "<group>";
			versionGroupType = wrapper.xcdatamodel;
		};
/* End XCVersionGroup section */
	};
	rootObject = D1DBA3AB1B51631700DAB651 /* Project object */;
}
